// !$*UTF8*$!
{
	archiveVersion = 1;
	classes = {
	};
	objectVersion = 50;
	objects = {

/* Begin PBXBuildFile section */
		7CF4F45D2499664400A5D57A /* AppDelegate.swift in Sources */ = {isa = PBXBuildFile; fileRef = 7CF4F45C2499664400A5D57A /* AppDelegate.swift */; };
		7CF4F45F2499664400A5D57A /* SceneDelegate.swift in Sources */ = {isa = PBXBuildFile; fileRef = 7CF4F45E2499664400A5D57A /* SceneDelegate.swift */; };
		7CF4F4612499664400A5D57A /* ContentView.swift in Sources */ = {isa = PBXBuildFile; fileRef = 7CF4F4602499664400A5D57A /* ContentView.swift */; };
		7CF4F4632499664600A5D57A /* Assets.xcassets in Resources */ = {isa = PBXBuildFile; fileRef = 7CF4F4622499664600A5D57A /* Assets.xcassets */; };
		7CF4F4662499664600A5D57A /* Preview Assets.xcassets in Resources */ = {isa = PBXBuildFile; fileRef = 7CF4F4652499664600A5D57A /* Preview Assets.xcassets */; };
		7CF4F4692499664600A5D57A /* LaunchScreen.storyboard in Resources */ = {isa = PBXBuildFile; fileRef = 7CF4F4672499664600A5D57A /* LaunchScreen.storyboard */; };
		7CF4F4742499664600A5D57A /* WeekviewTests.swift in Sources */ = {isa = PBXBuildFile; fileRef = 7CF4F4732499664600A5D57A /* WeekviewTests.swift */; };
		7CF4F47F2499664600A5D57A /* WeekviewUITests.swift in Sources */ = {isa = PBXBuildFile; fileRef = 7CF4F47E2499664600A5D57A /* WeekviewUITests.swift */; };
/* End PBXBuildFile section */

/* Begin PBXContainerItemProxy section */
		7CF4F4702499664600A5D57A /* PBXContainerItemProxy */ = {
			isa = PBXContainerItemProxy;
			containerPortal = 7CF4F4512499664400A5D57A /* Project object */;
			proxyType = 1;
			remoteGlobalIDString = 7CF4F4582499664400A5D57A;
			remoteInfo = Weekview;
		};
		7CF4F47B2499664600A5D57A /* PBXContainerItemProxy */ = {
			isa = PBXContainerItemProxy;
			containerPortal = 7CF4F4512499664400A5D57A /* Project object */;
			proxyType = 1;
			remoteGlobalIDString = 7CF4F4582499664400A5D57A;
			remoteInfo = Weekview;
		};
/* End PBXContainerItemProxy section */

/* Begin PBXFileReference section */
		7CF4F4592499664400A5D57A /* Weekview.app */ = {isa = PBXFileReference; explicitFileType = wrapper.application; includeInIndex = 0; path = Weekview.app; sourceTree = BUILT_PRODUCTS_DIR; };
		7CF4F45C2499664400A5D57A /* AppDelegate.swift */ = {isa = PBXFileReference; lastKnownFileType = sourcecode.swift; path = AppDelegate.swift; sourceTree = "<group>"; };
		7CF4F45E2499664400A5D57A /* SceneDelegate.swift */ = {isa = PBXFileReference; lastKnownFileType = sourcecode.swift; path = SceneDelegate.swift; sourceTree = "<group>"; };
		7CF4F4602499664400A5D57A /* ContentView.swift */ = {isa = PBXFileReference; lastKnownFileType = sourcecode.swift; path = ContentView.swift; sourceTree = "<group>"; };
		7CF4F4622499664600A5D57A /* Assets.xcassets */ = {isa = PBXFileReference; lastKnownFileType = folder.assetcatalog; path = Assets.xcassets; sourceTree = "<group>"; };
		7CF4F4652499664600A5D57A /* Preview Assets.xcassets */ = {isa = PBXFileReference; lastKnownFileType = folder.assetcatalog; path = "Preview Assets.xcassets"; sourceTree = "<group>"; };
		7CF4F4682499664600A5D57A /* Base */ = {isa = PBXFileReference; lastKnownFileType = file.storyboard; name = Base; path = Base.lproj/LaunchScreen.storyboard; sourceTree = "<group>"; };
		7CF4F46A2499664600A5D57A /* Info.plist */ = {isa = PBXFileReference; lastKnownFileType = text.plist.xml; path = Info.plist; sourceTree = "<group>"; };
		7CF4F46F2499664600A5D57A /* WeekviewTests.xctest */ = {isa = PBXFileReference; explicitFileType = wrapper.cfbundle; includeInIndex = 0; path = WeekviewTests.xctest; sourceTree = BUILT_PRODUCTS_DIR; };
		7CF4F4732499664600A5D57A /* WeekviewTests.swift */ = {isa = PBXFileReference; lastKnownFileType = sourcecode.swift; path = WeekviewTests.swift; sourceTree = "<group>"; };
		7CF4F4752499664600A5D57A /* Info.plist */ = {isa = PBXFileReference; lastKnownFileType = text.plist.xml; path = Info.plist; sourceTree = "<group>"; };
		7CF4F47A2499664600A5D57A /* WeekviewUITests.xctest */ = {isa = PBXFileReference; explicitFileType = wrapper.cfbundle; includeInIndex = 0; path = WeekviewUITests.xctest; sourceTree = BUILT_PRODUCTS_DIR; };
		7CF4F47E2499664600A5D57A /* WeekviewUITests.swift */ = {isa = PBXFileReference; lastKnownFileType = sourcecode.swift; path = WeekviewUITests.swift; sourceTree = "<group>"; };
		7CF4F4802499664600A5D57A /* Info.plist */ = {isa = PBXFileReference; lastKnownFileType = text.plist.xml; path = Info.plist; sourceTree = "<group>"; };
/* End PBXFileReference section */

/* Begin PBXFrameworksBuildPhase section */
		7CF4F4562499664400A5D57A /* Frameworks */ = {
			isa = PBXFrameworksBuildPhase;
			buildActionMask = 2147483647;
			files = (
			);
			runOnlyForDeploymentPostprocessing = 0;
		};
		7CF4F46C2499664600A5D57A /* Frameworks */ = {
			isa = PBXFrameworksBuildPhase;
			buildActionMask = 2147483647;
			files = (
			);
			runOnlyForDeploymentPostprocessing = 0;
		};
		7CF4F4772499664600A5D57A /* Frameworks */ = {
			isa = PBXFrameworksBuildPhase;
			buildActionMask = 2147483647;
			files = (
			);
			runOnlyForDeploymentPostprocessing = 0;
		};
/* End PBXFrameworksBuildPhase section */

/* Begin PBXGroup section */
		7CF4F4502499664400A5D57A = {
			isa = PBXGroup;
			children = (
				7CF4F45B2499664400A5D57A /* Weekview */,
				7CF4F4722499664600A5D57A /* WeekviewTests */,
				7CF4F47D2499664600A5D57A /* WeekviewUITests */,
				7CF4F45A2499664400A5D57A /* Products */,
			);
			sourceTree = "<group>";
		};
		7CF4F45A2499664400A5D57A /* Products */ = {
			isa = PBXGroup;
			children = (
				7CF4F4592499664400A5D57A /* Weekview.app */,
				7CF4F46F2499664600A5D57A /* WeekviewTests.xctest */,
				7CF4F47A2499664600A5D57A /* WeekviewUITests.xctest */,
			);
			name = Products;
			sourceTree = "<group>";
		};
		7CF4F45B2499664400A5D57A /* Weekview */ = {
			isa = PBXGroup;
			children = (
				7CF4F45C2499664400A5D57A /* AppDelegate.swift */,
				7CF4F45E2499664400A5D57A /* SceneDelegate.swift */,
				7CF4F4602499664400A5D57A /* ContentView.swift */,
				7CF4F4622499664600A5D57A /* Assets.xcassets */,
				7CF4F4672499664600A5D57A /* LaunchScreen.storyboard */,
				7CF4F46A2499664600A5D57A /* Info.plist */,
				7CF4F4642499664600A5D57A /* Preview Content */,
			);
			path = Weekview;
			sourceTree = "<group>";
		};
		7CF4F4642499664600A5D57A /* Preview Content */ = {
			isa = PBXGroup;
			children = (
				7CF4F4652499664600A5D57A /* Preview Assets.xcassets */,
			);
			path = "Preview Content";
			sourceTree = "<group>";
		};
		7CF4F4722499664600A5D57A /* WeekviewTests */ = {
			isa = PBXGroup;
			children = (
				7CF4F4732499664600A5D57A /* WeekviewTests.swift */,
				7CF4F4752499664600A5D57A /* Info.plist */,
			);
			path = WeekviewTests;
			sourceTree = "<group>";
		};
		7CF4F47D2499664600A5D57A /* WeekviewUITests */ = {
			isa = PBXGroup;
			children = (
				7CF4F47E2499664600A5D57A /* WeekviewUITests.swift */,
				7CF4F4802499664600A5D57A /* Info.plist */,
			);
			path = WeekviewUITests;
			sourceTree = "<group>";
		};
/* End PBXGroup section */

/* Begin PBXNativeTarget section */
		7CF4F4582499664400A5D57A /* Weekview */ = {
			isa = PBXNativeTarget;
			buildConfigurationList = 7CF4F4832499664600A5D57A /* Build configuration list for PBXNativeTarget "Weekview" */;
			buildPhases = (
				7CF4F4552499664400A5D57A /* Sources */,
				7CF4F4562499664400A5D57A /* Frameworks */,
				7CF4F4572499664400A5D57A /* Resources */,
			);
			buildRules = (
			);
			dependencies = (
			);
			name = Weekview;
			productName = Weekview;
			productReference = 7CF4F4592499664400A5D57A /* Weekview.app */;
			productType = "com.apple.product-type.application";
		};
		7CF4F46E2499664600A5D57A /* WeekviewTests */ = {
			isa = PBXNativeTarget;
			buildConfigurationList = 7CF4F4862499664600A5D57A /* Build configuration list for PBXNativeTarget "WeekviewTests" */;
			buildPhases = (
				7CF4F46B2499664600A5D57A /* Sources */,
				7CF4F46C2499664600A5D57A /* Frameworks */,
				7CF4F46D2499664600A5D57A /* Resources */,
			);
			buildRules = (
			);
			dependencies = (
				7CF4F4712499664600A5D57A /* PBXTargetDependency */,
			);
			name = WeekviewTests;
			productName = WeekviewTests;
			productReference = 7CF4F46F2499664600A5D57A /* WeekviewTests.xctest */;
			productType = "com.apple.product-type.bundle.unit-test";
		};
		7CF4F4792499664600A5D57A /* WeekviewUITests */ = {
			isa = PBXNativeTarget;
			buildConfigurationList = 7CF4F4892499664600A5D57A /* Build configuration list for PBXNativeTarget "WeekviewUITests" */;
			buildPhases = (
				7CF4F4762499664600A5D57A /* Sources */,
				7CF4F4772499664600A5D57A /* Frameworks */,
				7CF4F4782499664600A5D57A /* Resources */,
			);
			buildRules = (
			);
			dependencies = (
				7CF4F47C2499664600A5D57A /* PBXTargetDependency */,
			);
			name = WeekviewUITests;
			productName = WeekviewUITests;
			productReference = 7CF4F47A2499664600A5D57A /* WeekviewUITests.xctest */;
			productType = "com.apple.product-type.bundle.ui-testing";
		};
/* End PBXNativeTarget section */

/* Begin PBXProject section */
		7CF4F4512499664400A5D57A /* Project object */ = {
			isa = PBXProject;
			attributes = {
				LastSwiftUpdateCheck = 1150;
				LastUpgradeCheck = 1150;
				ORGANIZATIONNAME = "Fei Yun";
				TargetAttributes = {
					7CF4F4582499664400A5D57A = {
						CreatedOnToolsVersion = 11.5;
					};
					7CF4F46E2499664600A5D57A = {
						CreatedOnToolsVersion = 11.5;
						TestTargetID = 7CF4F4582499664400A5D57A;
					};
					7CF4F4792499664600A5D57A = {
						CreatedOnToolsVersion = 11.5;
						TestTargetID = 7CF4F4582499664400A5D57A;
					};
				};
			};
			buildConfigurationList = 7CF4F4542499664400A5D57A /* Build configuration list for PBXProject "Weekview" */;
			compatibilityVersion = "Xcode 9.3";
			developmentRegion = en;
			hasScannedForEncodings = 0;
			knownRegions = (
				en,
				Base,
			);
			mainGroup = 7CF4F4502499664400A5D57A;
			productRefGroup = 7CF4F45A2499664400A5D57A /* Products */;
			projectDirPath = "";
			projectRoot = "";
			targets = (
				7CF4F4582499664400A5D57A /* Weekview */,
				7CF4F46E2499664600A5D57A /* WeekviewTests */,
				7CF4F4792499664600A5D57A /* WeekviewUITests */,
			);
		};
/* End PBXProject section */

/* Begin PBXResourcesBuildPhase section */
		7CF4F4572499664400A5D57A /* Resources */ = {
			isa = PBXResourcesBuildPhase;
			buildActionMask = 2147483647;
			files = (
				7CF4F4692499664600A5D57A /* LaunchScreen.storyboard in Resources */,
				7CF4F4662499664600A5D57A /* Preview Assets.xcassets in Resources */,
				7CF4F4632499664600A5D57A /* Assets.xcassets in Resources */,
			);
			runOnlyForDeploymentPostprocessing = 0;
		};
		7CF4F46D2499664600A5D57A /* Resources */ = {
			isa = PBXResourcesBuildPhase;
			buildActionMask = 2147483647;
			files = (
			);
			runOnlyForDeploymentPostprocessing = 0;
		};
		7CF4F4782499664600A5D57A /* Resources */ = {
			isa = PBXResourcesBuildPhase;
			buildActionMask = 2147483647;
			files = (
			);
			runOnlyForDeploymentPostprocessing = 0;
		};
/* End PBXResourcesBuildPhase section */

/* Begin PBXSourcesBuildPhase section */
		7CF4F4552499664400A5D57A /* Sources */ = {
			isa = PBXSourcesBuildPhase;
			buildActionMask = 2147483647;
			files = (
				7CF4F45D2499664400A5D57A /* AppDelegate.swift in Sources */,
				7CF4F45F2499664400A5D57A /* SceneDelegate.swift in Sources */,
				7CF4F4612499664400A5D57A /* ContentView.swift in Sources */,
			);
			runOnlyForDeploymentPostprocessing = 0;
		};
		7CF4F46B2499664600A5D57A /* Sources */ = {
			isa = PBXSourcesBuildPhase;
			buildActionMask = 2147483647;
			files = (
				7CF4F4742499664600A5D57A /* WeekviewTests.swift in Sources */,
			);
			runOnlyForDeploymentPostprocessing = 0;
		};
		7CF4F4762499664600A5D57A /* Sources */ = {
			isa = PBXSourcesBuildPhase;
			buildActionMask = 2147483647;
			files = (
				7CF4F47F2499664600A5D57A /* WeekviewUITests.swift in Sources */,
			);
			runOnlyForDeploymentPostprocessing = 0;
		};
/* End PBXSourcesBuildPhase section */

/* Begin PBXTargetDependency section */
		7CF4F4712499664600A5D57A /* PBXTargetDependency */ = {
			isa = PBXTargetDependency;
			target = 7CF4F4582499664400A5D57A /* Weekview */;
			targetProxy = 7CF4F4702499664600A5D57A /* PBXContainerItemProxy */;
		};
		7CF4F47C2499664600A5D57A /* PBXTargetDependency */ = {
			isa = PBXTargetDependency;
			target = 7CF4F4582499664400A5D57A /* Weekview */;
			targetProxy = 7CF4F47B2499664600A5D57A /* PBXContainerItemProxy */;
		};
/* End PBXTargetDependency section */

/* Begin PBXVariantGroup section */
		7CF4F4672499664600A5D57A /* LaunchScreen.storyboard */ = {
			isa = PBXVariantGroup;
			children = (
				7CF4F4682499664600A5D57A /* Base */,
			);
			name = LaunchScreen.storyboard;
			sourceTree = "<group>";
		};
/* End PBXVariantGroup section */

/* Begin XCBuildConfiguration section */
		7CF4F4812499664600A5D57A /* Debug */ = {
			isa = XCBuildConfiguration;
			buildSettings = {
				ALWAYS_SEARCH_USER_PATHS = NO;
				CLANG_ANALYZER_NONNULL = YES;
				CLANG_ANALYZER_NUMBER_OBJECT_CONVERSION = YES_AGGRESSIVE;
				CLANG_CXX_LANGUAGE_STANDARD = "gnu++14";
				CLANG_CXX_LIBRARY = "libc++";
				CLANG_ENABLE_MODULES = YES;
				CLANG_ENABLE_OBJC_ARC = YES;
				CLANG_ENABLE_OBJC_WEAK = YES;
				CLANG_WARN_BLOCK_CAPTURE_AUTORELEASING = YES;
				CLANG_WARN_BOOL_CONVERSION = YES;
				CLANG_WARN_COMMA = YES;
				CLANG_WARN_CONSTANT_CONVERSION = YES;
				CLANG_WARN_DEPRECATED_OBJC_IMPLEMENTATIONS = YES;
				CLANG_WARN_DIRECT_OBJC_ISA_USAGE = YES_ERROR;
				CLANG_WARN_DOCUMENTATION_COMMENTS = YES;
				CLANG_WARN_EMPTY_BODY = YES;
				CLANG_WARN_ENUM_CONVERSION = YES;
				CLANG_WARN_INFINITE_RECURSION = YES;
				CLANG_WARN_INT_CONVERSION = YES;
				CLANG_WARN_NON_LITERAL_NULL_CONVERSION = YES;
				CLANG_WARN_OBJC_IMPLICIT_RETAIN_SELF = YES;
				CLANG_WARN_OBJC_LITERAL_CONVERSION = YES;
				CLANG_WARN_OBJC_ROOT_CLASS = YES_ERROR;
				CLANG_WARN_RANGE_LOOP_ANALYSIS = YES;
				CLANG_WARN_STRICT_PROTOTYPES = YES;
				CLANG_WARN_SUSPICIOUS_MOVE = YES;
				CLANG_WARN_UNGUARDED_AVAILABILITY = YES_AGGRESSIVE;
				CLANG_WARN_UNREACHABLE_CODE = YES;
				CLANG_WARN__DUPLICATE_METHOD_MATCH = YES;
				COPY_PHASE_STRIP = NO;
				DEBUG_INFORMATION_FORMAT = dwarf;
				ENABLE_STRICT_OBJC_MSGSEND = YES;
				ENABLE_TESTABILITY = YES;
				GCC_C_LANGUAGE_STANDARD = gnu11;
				GCC_DYNAMIC_NO_PIC = NO;
				GCC_NO_COMMON_BLOCKS = YES;
				GCC_OPTIMIZATION_LEVEL = 0;
				GCC_PREPROCESSOR_DEFINITIONS = (
					"DEBUG=1",
					"$(inherited)",
				);
				GCC_WARN_64_TO_32_BIT_CONVERSION = YES;
				GCC_WARN_ABOUT_RETURN_TYPE = YES_ERROR;
				GCC_WARN_UNDECLARED_SELECTOR = YES;
				GCC_WARN_UNINITIALIZED_AUTOS = YES_AGGRESSIVE;
				GCC_WARN_UNUSED_FUNCTION = YES;
				GCC_WARN_UNUSED_VARIABLE = YES;
				IPHONEOS_DEPLOYMENT_TARGET = 13.5;
				MTL_ENABLE_DEBUG_INFO = INCLUDE_SOURCE;
				MTL_FAST_MATH = YES;
				ONLY_ACTIVE_ARCH = YES;
				SDKROOT = iphoneos;
				SWIFT_ACTIVE_COMPILATION_CONDITIONS = DEBUG;
				SWIFT_OPTIMIZATION_LEVEL = "-Onone";
			};
			name = Debug;
		};
		7CF4F4822499664600A5D57A /* Release */ = {
			isa = XCBuildConfiguration;
			buildSettings = {
				ALWAYS_SEARCH_USER_PATHS = NO;
				CLANG_ANALYZER_NONNULL = YES;
				CLANG_ANALYZER_NUMBER_OBJECT_CONVERSION = YES_AGGRESSIVE;
				CLANG_CXX_LANGUAGE_STANDARD = "gnu++14";
				CLANG_CXX_LIBRARY = "libc++";
				CLANG_ENABLE_MODULES = YES;
				CLANG_ENABLE_OBJC_ARC = YES;
				CLANG_ENABLE_OBJC_WEAK = YES;
				CLANG_WARN_BLOCK_CAPTURE_AUTORELEASING = YES;
				CLANG_WARN_BOOL_CONVERSION = YES;
				CLANG_WARN_COMMA = YES;
				CLANG_WARN_CONSTANT_CONVERSION = YES;
				CLANG_WARN_DEPRECATED_OBJC_IMPLEMENTATIONS = YES;
				CLANG_WARN_DIRECT_OBJC_ISA_USAGE = YES_ERROR;
				CLANG_WARN_DOCUMENTATION_COMMENTS = YES;
				CLANG_WARN_EMPTY_BODY = YES;
				CLANG_WARN_ENUM_CONVERSION = YES;
				CLANG_WARN_INFINITE_RECURSION = YES;
				CLANG_WARN_INT_CONVERSION = YES;
				CLANG_WARN_NON_LITERAL_NULL_CONVERSION = YES;
				CLANG_WARN_OBJC_IMPLICIT_RETAIN_SELF = YES;
				CLANG_WARN_OBJC_LITERAL_CONVERSION = YES;
				CLANG_WARN_OBJC_ROOT_CLASS = YES_ERROR;
				CLANG_WARN_RANGE_LOOP_ANALYSIS = YES;
				CLANG_WARN_STRICT_PROTOTYPES = YES;
				CLANG_WARN_SUSPICIOUS_MOVE = YES;
				CLANG_WARN_UNGUARDED_AVAILABILITY = YES_AGGRESSIVE;
				CLANG_WARN_UNREACHABLE_CODE = YES;
				CLANG_WARN__DUPLICATE_METHOD_MATCH = YES;
				COPY_PHASE_STRIP = NO;
				DEBUG_INFORMATION_FORMAT = "dwarf-with-dsym";
				ENABLE_NS_ASSERTIONS = NO;
				ENABLE_STRICT_OBJC_MSGSEND = YES;
				GCC_C_LANGUAGE_STANDARD = gnu11;
				GCC_NO_COMMON_BLOCKS = YES;
				GCC_WARN_64_TO_32_BIT_CONVERSION = YES;
				GCC_WARN_ABOUT_RETURN_TYPE = YES_ERROR;
				GCC_WARN_UNDECLARED_SELECTOR = YES;
				GCC_WARN_UNINITIALIZED_AUTOS = YES_AGGRESSIVE;
				GCC_WARN_UNUSED_FUNCTION = YES;
				GCC_WARN_UNUSED_VARIABLE = YES;
				IPHONEOS_DEPLOYMENT_TARGET = 13.5;
				MTL_ENABLE_DEBUG_INFO = NO;
				MTL_FAST_MATH = YES;
				SDKROOT = iphoneos;
				SWIFT_COMPILATION_MODE = wholemodule;
				SWIFT_OPTIMIZATION_LEVEL = "-O";
				VALIDATE_PRODUCT = YES;
			};
			name = Release;
		};
		7CF4F4842499664600A5D57A /* Debug */ = {
			isa = XCBuildConfiguration;
			buildSettings = {
				ASSETCATALOG_COMPILER_APPICON_NAME = AppIcon;
				CODE_SIGN_STYLE = Automatic;
				DEVELOPMENT_ASSET_PATHS = "\"Weekview/Preview Content\"";
				ENABLE_PREVIEWS = YES;
				INFOPLIST_FILE = Weekview/Info.plist;
				LD_RUNPATH_SEARCH_PATHS = (
					"$(inherited)",
					"@executable_path/Frameworks",
				);
				PRODUCT_BUNDLE_IDENTIFIER = com.Weekview;
				PRODUCT_NAME = "$(TARGET_NAME)";
				SWIFT_VERSION = 5.0;
				TARGETED_DEVICE_FAMILY = "1,2";
			};
			name = Debug;
		};
		7CF4F4852499664600A5D57A /* Release */ = {
			isa = XCBuildConfiguration;
			buildSettings = {
				ASSETCATALOG_COMPILER_APPICON_NAME = AppIcon;
				CODE_SIGN_STYLE = Automatic;
				DEVELOPMENT_ASSET_PATHS = "\"Weekview/Preview Content\"";
				ENABLE_PREVIEWS = YES;
				INFOPLIST_FILE = Weekview/Info.plist;
				LD_RUNPATH_SEARCH_PATHS = (
					"$(inherited)",
					"@executable_path/Frameworks",
				);
				PRODUCT_BUNDLE_IDENTIFIER = com.Weekview;
				PRODUCT_NAME = "$(TARGET_NAME)";
				SWIFT_VERSION = 5.0;
				TARGETED_DEVICE_FAMILY = "1,2";
			};
			name = Release;
		};
		7CF4F4872499664600A5D57A /* Debug */ = {
			isa = XCBuildConfiguration;
			buildSettings = {
				ALWAYS_EMBED_SWIFT_STANDARD_LIBRARIES = YES;
				BUNDLE_LOADER = "$(TEST_HOST)";
				CODE_SIGN_STYLE = Automatic;
				INFOPLIST_FILE = WeekviewTests/Info.plist;
				IPHONEOS_DEPLOYMENT_TARGET = 13.5;
				LD_RUNPATH_SEARCH_PATHS = (
					"$(inherited)",
					"@executable_path/Frameworks",
					"@loader_path/Frameworks",
				);
				PRODUCT_BUNDLE_IDENTIFIER = com.WeekviewTests;
				PRODUCT_NAME = "$(TARGET_NAME)";
				SWIFT_VERSION = 5.0;
				TARGETED_DEVICE_FAMILY = "1,2";
				TEST_HOST = "$(BUILT_PRODUCTS_DIR)/Weekview.app/Weekview";
			};
			name = Debug;
		};
		7CF4F4882499664600A5D57A /* Release */ = {
			isa = XCBuildConfiguration;
			buildSettings = {
				ALWAYS_EMBED_SWIFT_STANDARD_LIBRARIES = YES;
				BUNDLE_LOADER = "$(TEST_HOST)";
				CODE_SIGN_STYLE = Automatic;
				INFOPLIST_FILE = WeekviewTests/Info.plist;
				IPHONEOS_DEPLOYMENT_TARGET = 13.5;
				LD_RUNPATH_SEARCH_PATHS = (
					"$(inherited)",
					"@executable_path/Frameworks",
					"@loader_path/Frameworks",
				);
				PRODUCT_BUNDLE_IDENTIFIER = com.WeekviewTests;
				PRODUCT_NAME = "$(TARGET_NAME)";
				SWIFT_VERSION = 5.0;
				TARGETED_DEVICE_FAMILY = "1,2";
				TEST_HOST = "$(BUILT_PRODUCTS_DIR)/Weekview.app/Weekview";
			};
			name = Release;
		};
		7CF4F48A2499664600A5D57A /* Debug */ = {
			isa = XCBuildConfiguration;
			buildSettings = {
				ALWAYS_EMBED_SWIFT_STANDARD_LIBRARIES = YES;
				CODE_SIGN_STYLE = Automatic;
				INFOPLIST_FILE = WeekviewUITests/Info.plist;
				LD_RUNPATH_SEARCH_PATHS = (
					"$(inherited)",
					"@executable_path/Frameworks",
					"@loader_path/Frameworks",
				);
				PRODUCT_BUNDLE_IDENTIFIER = com.WeekviewUITests;
				PRODUCT_NAME = "$(TARGET_NAME)";
				SWIFT_VERSION = 5.0;
				TARGETED_DEVICE_FAMILY = "1,2";
				TEST_TARGET_NAME = Weekview;
			};
			name = Debug;
		};
		7CF4F48B2499664600A5D57A /* Release */ = {
			isa = XCBuildConfiguration;
			buildSettings = {
				ALWAYS_EMBED_SWIFT_STANDARD_LIBRARIES = YES;
				CODE_SIGN_STYLE = Automatic;
				INFOPLIST_FILE = WeekviewUITests/Info.plist;
				LD_RUNPATH_SEARCH_PATHS = (
					"$(inherited)",
					"@executable_path/Frameworks",
					"@loader_path/Frameworks",
				);
				PRODUCT_BUNDLE_IDENTIFIER = com.WeekviewUITests;
				PRODUCT_NAME = "$(TARGET_NAME)";
				SWIFT_VERSION = 5.0;
				TARGETED_DEVICE_FAMILY = "1,2";
				TEST_TARGET_NAME = Weekview;
			};
			name = Release;
		};
/* End XCBuildConfiguration section */

/* Begin XCConfigurationList section */
		7CF4F4542499664400A5D57A /* Build configuration list for PBXProject "Weekview" */ = {
			isa = XCConfigurationList;
			buildConfigurations = (
				7CF4F4812499664600A5D57A /* Debug */,
				7CF4F4822499664600A5D57A /* Release */,
			);
			defaultConfigurationIsVisible = 0;
			defaultConfigurationName = Release;
		};
		7CF4F4832499664600A5D57A /* Build configuration list for PBXNativeTarget "Weekview" */ = {
			isa = XCConfigurationList;
			buildConfigurations = (
				7CF4F4842499664600A5D57A /* Debug */,
				7CF4F4852499664600A5D57A /* Release */,
			);
			defaultConfigurationIsVisible = 0;
			defaultConfigurationName = Release;
		};
		7CF4F4862499664600A5D57A /* Build configuration list for PBXNativeTarget "WeekviewTests" */ = {
			isa = XCConfigurationList;
			buildConfigurations = (
				7CF4F4872499664600A5D57A /* Debug */,
				7CF4F4882499664600A5D57A /* Release */,
			);
			defaultConfigurationIsVisible = 0;
			defaultConfigurationName = Release;
		};
		7CF4F4892499664600A5D57A /* Build configuration list for PBXNativeTarget "WeekviewUITests" */ = {
			isa = XCConfigurationList;
			buildConfigurations = (
				7CF4F48A2499664600A5D57A /* Debug */,
				7CF4F48B2499664600A5D57A /* Release */,
			);
			defaultConfigurationIsVisible = 0;
			defaultConfigurationName = Release;
		};
/* End XCConfigurationList section */
	};
	rootObject = 7CF4F4512499664400A5D57A /* Project object */;
}
